// !$*UTF8*$!
{
	archiveVersion = 1;
	classes = {
	};
	objectVersion = 46;
	objects = {

/* Begin PBXBuildFile section */
		8037DF951DF93D1C00BD8EE6 /* BntAttendanceStatusAnalyse.m in Sources */ = {isa = PBXBuildFile; fileRef = 8037DF941DF93D1C00BD8EE6 /* BntAttendanceStatusAnalyse.m */; };
		8037DF991DF94DB000BD8EE6 /* NSDate+Bnt.m in Sources */ = {isa = PBXBuildFile; fileRef = 8037DF981DF94DB000BD8EE6 /* NSDate+Bnt.m */; };
		804BECC21DDEACC300382933 /* AttendanceViewController.m in Sources */ = {isa = PBXBuildFile; fileRef = 804BECC11DDEACC300382933 /* AttendanceViewController.m */; };
		804BECC81DDEB17A00382933 /* AttendanceCell.m in Sources */ = {isa = PBXBuildFile; fileRef = 804BECC71DDEB17A00382933 /* AttendanceCell.m */; };
		804BED041DDED77400382933 /* PDApiAtten_List.m in Sources */ = {isa = PBXBuildFile; fileRef = 804BED031DDED77400382933 /* PDApiAtten_List.m */; };
		804BED071DDED7D000382933 /* PDApiAtten_Colloection.m in Sources */ = {isa = PBXBuildFile; fileRef = 804BED061DDED7D000382933 /* PDApiAtten_Colloection.m */; };
		804BED0A1DDED7F900382933 /* PDApiAtten_Model.m in Sources */ = {isa = PBXBuildFile; fileRef = 804BED091DDED7F900382933 /* PDApiAtten_Model.m */; };
		804BED0D1DDED87D00382933 /* PDApiAtten_ConfirmRequest.m in Sources */ = {isa = PBXBuildFile; fileRef = 804BED0C1DDED87D00382933 /* PDApiAtten_ConfirmRequest.m */; };
		804BED101DDED8CA00382933 /* PDApiAtten_StatusRequest.m in Sources */ = {isa = PBXBuildFile; fileRef = 804BED0F1DDED8CA00382933 /* PDApiAtten_StatusRequest.m */; };
		804BED161DDEDA6D00382933 /* PDApiAtten_StatusModel.m in Sources */ = {isa = PBXBuildFile; fileRef = 804BED151DDEDA6D00382933 /* PDApiAtten_StatusModel.m */; };
		809878211DDAE64C00A32BE2 /* main.m in Sources */ = {isa = PBXBuildFile; fileRef = 809878201DDAE64C00A32BE2 /* main.m */; };
		809878241DDAE64C00A32BE2 /* AppDelegate.m in Sources */ = {isa = PBXBuildFile; fileRef = 809878231DDAE64C00A32BE2 /* AppDelegate.m */; };
		809878271DDAE64C00A32BE2 /* ViewController.m in Sources */ = {isa = PBXBuildFile; fileRef = 809878261DDAE64C00A32BE2 /* ViewController.m */; };
		8098782A1DDAE64C00A32BE2 /* Main.storyboard in Resources */ = {isa = PBXBuildFile; fileRef = 809878281DDAE64C00A32BE2 /* Main.storyboard */; };
		8098782C1DDAE64C00A32BE2 /* Assets.xcassets in Resources */ = {isa = PBXBuildFile; fileRef = 8098782B1DDAE64C00A32BE2 /* Assets.xcassets */; };
		8098782F1DDAE64C00A32BE2 /* LaunchScreen.storyboard in Resources */ = {isa = PBXBuildFile; fileRef = 8098782D1DDAE64C00A32BE2 /* LaunchScreen.storyboard */; };
		8098783A1DDAE64C00A32BE2 /* PDMapSDKTests.m in Sources */ = {isa = PBXBuildFile; fileRef = 809878391DDAE64C00A32BE2 /* PDMapSDKTests.m */; };
		809878451DDAE64C00A32BE2 /* PDMapSDKUITests.m in Sources */ = {isa = PBXBuildFile; fileRef = 809878441DDAE64C00A32BE2 /* PDMapSDKUITests.m */; };
		8098785B1DDAE8DE00A32BE2 /* UIKit.framework in Frameworks */ = {isa = PBXBuildFile; fileRef = 8098785A1DDAE8DE00A32BE2 /* UIKit.framework */; };
		8098785D1DDAE8E400A32BE2 /* Foundation.framework in Frameworks */ = {isa = PBXBuildFile; fileRef = 8098785C1DDAE8E400A32BE2 /* Foundation.framework */; };
		8098785F1DDAE8EA00A32BE2 /* CoreGraphics.framework in Frameworks */ = {isa = PBXBuildFile; fileRef = 8098785E1DDAE8EA00A32BE2 /* CoreGraphics.framework */; };
		809878611DDAE8F100A32BE2 /* QuartzCore.framework in Frameworks */ = {isa = PBXBuildFile; fileRef = 809878601DDAE8F100A32BE2 /* QuartzCore.framework */; };
		809878631DDAE8F800A32BE2 /* OpenGLES.framework in Frameworks */ = {isa = PBXBuildFile; fileRef = 809878621DDAE8F800A32BE2 /* OpenGLES.framework */; };
		809878651DDAE8FF00A32BE2 /* CoreLocation.framework in Frameworks */ = {isa = PBXBuildFile; fileRef = 809878641DDAE8FF00A32BE2 /* CoreLocation.framework */; };
		809878671DDAE90800A32BE2 /* CoreTelephony.framework in Frameworks */ = {isa = PBXBuildFile; fileRef = 809878661DDAE90800A32BE2 /* CoreTelephony.framework */; };
		809878691DDAE91100A32BE2 /* SystemConfiguration.framework in Frameworks */ = {isa = PBXBuildFile; fileRef = 809878681DDAE91100A32BE2 /* SystemConfiguration.framework */; };
		8098786B1DDAE91900A32BE2 /* libz.tbd in Frameworks */ = {isa = PBXBuildFile; fileRef = 8098786A1DDAE91900A32BE2 /* libz.tbd */; };
		8098786D1DDAE92400A32BE2 /* libstdc++.6.0.9.tbd in Frameworks */ = {isa = PBXBuildFile; fileRef = 8098786C1DDAE92400A32BE2 /* libstdc++.6.0.9.tbd */; };
		8098786F1DDAE92C00A32BE2 /* libc++.tbd in Frameworks */ = {isa = PBXBuildFile; fileRef = 8098786E1DDAE92C00A32BE2 /* libc++.tbd */; };
		809878711DDAE93600A32BE2 /* Security.framework in Frameworks */ = {isa = PBXBuildFile; fileRef = 809878701DDAE93600A32BE2 /* Security.framework */; };
		809878731DDAE94600A32BE2 /* AdSupport.framework in Frameworks */ = {isa = PBXBuildFile; fileRef = 809878721DDAE94600A32BE2 /* AdSupport.framework */; };
		809878751DDAE94C00A32BE2 /* JavaScriptCore.framework in Frameworks */ = {isa = PBXBuildFile; fileRef = 809878741DDAE94C00A32BE2 /* JavaScriptCore.framework */; };
		80B199E71DDC0EF6005958AB /* BntLocationReGeocode.m in Sources */ = {isa = PBXBuildFile; fileRef = 80B199E61DDC0EF6005958AB /* BntLocationReGeocode.m */; };
		80B199EA1DDC11DD005958AB /* BntLocDataAnalyse.m in Sources */ = {isa = PBXBuildFile; fileRef = 80B199E91DDC11DD005958AB /* BntLocDataAnalyse.m */; };
		80B199ED1DDC1EE8005958AB /* BntMapHTTPManager.m in Sources */ = {isa = PBXBuildFile; fileRef = 80B199EC1DDC1EE8005958AB /* BntMapHTTPManager.m */; };
		80B199F91DDC61F1005958AB /* BntLocationConfigure.m in Sources */ = {isa = PBXBuildFile; fileRef = 80B199F81DDC61F1005958AB /* BntLocationConfigure.m */; };
		80B19A001DDD6285005958AB /* BntAttendanceManager.m in Sources */ = {isa = PBXBuildFile; fileRef = 80B199FF1DDD6285005958AB /* BntAttendanceManager.m */; };
		80B19A061DDD6D49005958AB /* BntAttendanceCommand.m in Sources */ = {isa = PBXBuildFile; fileRef = 80B19A051DDD6D49005958AB /* BntAttendanceCommand.m */; };
		80B19A2E1DDD7CDB005958AB /* BntLoc_AttenResponse.m in Sources */ = {isa = PBXBuildFile; fileRef = 80B19A2B1DDD7CDB005958AB /* BntLoc_AttenResponse.m */; };
		80B19A2F1DDD7CDB005958AB /* BntlocationResponse.m in Sources */ = {isa = PBXBuildFile; fileRef = 80B19A2D1DDD7CDB005958AB /* BntlocationResponse.m */; };
		80B19A321DDD8AD5005958AB /* BntAttendanceResponse.m in Sources */ = {isa = PBXBuildFile; fileRef = 80B19A311DDD8AD5005958AB /* BntAttendanceResponse.m */; };
		80B19A351DDD9097005958AB /* BntAtten_LocRequest.m in Sources */ = {isa = PBXBuildFile; fileRef = 80B19A341DDD9097005958AB /* BntAtten_LocRequest.m */; };
		80B19A3D1DDD90BB005958AB /* BntHardwareInfo.m in Sources */ = {isa = PBXBuildFile; fileRef = 80B19A381DDD90BB005958AB /* BntHardwareInfo.m */; };
		80B19A3E1DDD90BB005958AB /* BntHardwareManager.m in Sources */ = {isa = PBXBuildFile; fileRef = 80B19A3A1DDD90BB005958AB /* BntHardwareManager.m */; };
		80B19A3F1DDD90BB005958AB /* KeyChainStore.m in Sources */ = {isa = PBXBuildFile; fileRef = 80B19A3C1DDD90BB005958AB /* KeyChainStore.m */; };
		80B19A421DDDAB41005958AB /* TableViewCell.m in Sources */ = {isa = PBXBuildFile; fileRef = 80B19A411DDDAB41005958AB /* TableViewCell.m */; };
		80CDB8371DDEE4D100552912 /* PDApiAtten_Request.m in Sources */ = {isa = PBXBuildFile; fileRef = 80CDB8361DDEE4D100552912 /* PDApiAtten_Request.m */; };
		80CDB83D1DDF1ACE00552912 /* PDApiAttendanceCommand.m in Sources */ = {isa = PBXBuildFile; fileRef = 80CDB83C1DDF1ACE00552912 /* PDApiAttendanceCommand.m */; };
		80CDB8401DE2919500552912 /* MapLocationController.m in Sources */ = {isa = PBXBuildFile; fileRef = 80CDB83F1DE2919500552912 /* MapLocationController.m */; };
		80CDB8431DE2925600552912 /* MapLocationTableViewCell.m in Sources */ = {isa = PBXBuildFile; fileRef = 80CDB8421DE2925600552912 /* MapLocationTableViewCell.m */; };
		80CDB84E1DE2BE5100552912 /* PDApiAttenAnalyse.m in Sources */ = {isa = PBXBuildFile; fileRef = 80CDB84D1DE2BE5100552912 /* PDApiAttenAnalyse.m */; };
		80D141CD1DF906680010D14D /* AMapFoundationKit.framework in Frameworks */ = {isa = PBXBuildFile; fileRef = 80D141A91DF906680010D14D /* AMapFoundationKit.framework */; };
		80D141CE1DF906680010D14D /* AMapLocationKit.framework in Frameworks */ = {isa = PBXBuildFile; fileRef = 80D141AA1DF906680010D14D /* AMapLocationKit.framework */; };
		80D141CF1DF906680010D14D /* AMapSearchKit.framework in Frameworks */ = {isa = PBXBuildFile; fileRef = 80D141AB1DF906680010D14D /* AMapSearchKit.framework */; };
		80D141D11DF906680010D14D /* MAMapKit.framework in Frameworks */ = {isa = PBXBuildFile; fileRef = 80D141AF1DF906680010D14D /* MAMapKit.framework */; };
		80D141D21DF906680010D14D /* MBProgressHUD+Bnt.m in Sources */ = {isa = PBXBuildFile; fileRef = 80D141B21DF906680010D14D /* MBProgressHUD+Bnt.m */; };
		80D141D31DF906680010D14D /* MBProgressHUD.m in Sources */ = {isa = PBXBuildFile; fileRef = 80D141B41DF906680010D14D /* MBProgressHUD.m */; };
		80D141D41DF906680010D14D /* MJExtensionConst.m in Sources */ = {isa = PBXBuildFile; fileRef = 80D141B81DF906680010D14D /* MJExtensionConst.m */; };
		80D141D51DF906680010D14D /* MJFoundation.m in Sources */ = {isa = PBXBuildFile; fileRef = 80D141BA1DF906680010D14D /* MJFoundation.m */; };
		80D141D61DF906680010D14D /* MJProperty.m in Sources */ = {isa = PBXBuildFile; fileRef = 80D141BC1DF906680010D14D /* MJProperty.m */; };
		80D141D71DF906680010D14D /* MJPropertyKey.m in Sources */ = {isa = PBXBuildFile; fileRef = 80D141BE1DF906680010D14D /* MJPropertyKey.m */; };
		80D141D81DF906680010D14D /* MJPropertyType.m in Sources */ = {isa = PBXBuildFile; fileRef = 80D141C01DF906680010D14D /* MJPropertyType.m */; };
		80D141D91DF906680010D14D /* NSObject+MJClass.m in Sources */ = {isa = PBXBuildFile; fileRef = 80D141C21DF906680010D14D /* NSObject+MJClass.m */; };
		80D141DA1DF906680010D14D /* NSObject+MJCoding.m in Sources */ = {isa = PBXBuildFile; fileRef = 80D141C41DF906680010D14D /* NSObject+MJCoding.m */; };
		80D141DB1DF906680010D14D /* NSObject+MJKeyValue.m in Sources */ = {isa = PBXBuildFile; fileRef = 80D141C61DF906680010D14D /* NSObject+MJKeyValue.m */; };
		80D141DC1DF906680010D14D /* NSObject+MJProperty.m in Sources */ = {isa = PBXBuildFile; fileRef = 80D141C81DF906680010D14D /* NSObject+MJProperty.m */; };
		80D141DD1DF906680010D14D /* NSString+MJExtension.m in Sources */ = {isa = PBXBuildFile; fileRef = 80D141CA1DF906680010D14D /* NSString+MJExtension.m */; };
		80D141DE1DF906680010D14D /* PDDataExtension.m in Sources */ = {isa = PBXBuildFile; fileRef = 80D141CC1DF906680010D14D /* PDDataExtension.m */; };
		80F3CFDD1DDAFE9C009538FE /* UserLocation.m in Sources */ = {isa = PBXBuildFile; fileRef = 80F3CFDC1DDAFE9C009538FE /* UserLocation.m */; };
/* End PBXBuildFile section */

/* Begin PBXContainerItemProxy section */
		809878361DDAE64C00A32BE2 /* PBXContainerItemProxy */ = {
			isa = PBXContainerItemProxy;
			containerPortal = 809878141DDAE64C00A32BE2 /* Project object */;
			proxyType = 1;
			remoteGlobalIDString = 8098781B1DDAE64C00A32BE2;
			remoteInfo = PDMapSDK;
		};
		809878411DDAE64C00A32BE2 /* PBXContainerItemProxy */ = {
			isa = PBXContainerItemProxy;
			containerPortal = 809878141DDAE64C00A32BE2 /* Project object */;
			proxyType = 1;
			remoteGlobalIDString = 8098781B1DDAE64C00A32BE2;
			remoteInfo = PDMapSDK;
		};
/* End PBXContainerItemProxy section */

/* Begin PBXFileReference section */
		8037DF931DF93D1C00BD8EE6 /* BntAttendanceStatusAnalyse.h */ = {isa = PBXFileReference; fileEncoding = 4; lastKnownFileType = sourcecode.c.h; path = BntAttendanceStatusAnalyse.h; sourceTree = "<group>"; };
		8037DF941DF93D1C00BD8EE6 /* BntAttendanceStatusAnalyse.m */ = {isa = PBXFileReference; fileEncoding = 4; lastKnownFileType = sourcecode.c.objc; path = BntAttendanceStatusAnalyse.m; sourceTree = "<group>"; };
		8037DF971DF94DB000BD8EE6 /* NSDate+Bnt.h */ = {isa = PBXFileReference; fileEncoding = 4; lastKnownFileType = sourcecode.c.h; path = "NSDate+Bnt.h"; sourceTree = "<group>"; };
		8037DF981DF94DB000BD8EE6 /* NSDate+Bnt.m */ = {isa = PBXFileReference; fileEncoding = 4; lastKnownFileType = sourcecode.c.objc; path = "NSDate+Bnt.m"; sourceTree = "<group>"; };
		804BECC01DDEACC300382933 /* AttendanceViewController.h */ = {isa = PBXFileReference; fileEncoding = 4; lastKnownFileType = sourcecode.c.h; name = AttendanceViewController.h; path = Framework/AttendanceViewController.h; sourceTree = "<group>"; };
		804BECC11DDEACC300382933 /* AttendanceViewController.m */ = {isa = PBXFileReference; fileEncoding = 4; lastKnownFileType = sourcecode.c.objc; name = AttendanceViewController.m; path = Framework/AttendanceViewController.m; sourceTree = "<group>"; };
		804BECC61DDEB17A00382933 /* AttendanceCell.h */ = {isa = PBXFileReference; fileEncoding = 4; lastKnownFileType = sourcecode.c.h; path = AttendanceCell.h; sourceTree = "<group>"; };
		804BECC71DDEB17A00382933 /* AttendanceCell.m */ = {isa = PBXFileReference; fileEncoding = 4; lastKnownFileType = sourcecode.c.objc; path = AttendanceCell.m; sourceTree = "<group>"; };
		804BECF31DDECAD200382933 /* PDMapApiKit.h */ = {isa = PBXFileReference; lastKnownFileType = sourcecode.c.h; path = PDMapApiKit.h; sourceTree = "<group>"; };
		804BED021DDED77400382933 /* PDApiAtten_List.h */ = {isa = PBXFileReference; fileEncoding = 4; lastKnownFileType = sourcecode.c.h; path = PDApiAtten_List.h; sourceTree = "<group>"; };
		804BED031DDED77400382933 /* PDApiAtten_List.m */ = {isa = PBXFileReference; fileEncoding = 4; lastKnownFileType = sourcecode.c.objc; path = PDApiAtten_List.m; sourceTree = "<group>"; };
		804BED051DDED7D000382933 /* PDApiAtten_Colloection.h */ = {isa = PBXFileReference; fileEncoding = 4; lastKnownFileType = sourcecode.c.h; path = PDApiAtten_Colloection.h; sourceTree = "<group>"; };
		804BED061DDED7D000382933 /* PDApiAtten_Colloection.m */ = {isa = PBXFileReference; fileEncoding = 4; lastKnownFileType = sourcecode.c.objc; path = PDApiAtten_Colloection.m; sourceTree = "<group>"; };
		804BED081DDED7F900382933 /* PDApiAtten_Model.h */ = {isa = PBXFileReference; fileEncoding = 4; lastKnownFileType = sourcecode.c.h; path = PDApiAtten_Model.h; sourceTree = "<group>"; };
		804BED091DDED7F900382933 /* PDApiAtten_Model.m */ = {isa = PBXFileReference; fileEncoding = 4; lastKnownFileType = sourcecode.c.objc; path = PDApiAtten_Model.m; sourceTree = "<group>"; };
		804BED0B1DDED87D00382933 /* PDApiAtten_ConfirmRequest.h */ = {isa = PBXFileReference; fileEncoding = 4; lastKnownFileType = sourcecode.c.h; path = PDApiAtten_ConfirmRequest.h; sourceTree = "<group>"; };
		804BED0C1DDED87D00382933 /* PDApiAtten_ConfirmRequest.m */ = {isa = PBXFileReference; fileEncoding = 4; lastKnownFileType = sourcecode.c.objc; path = PDApiAtten_ConfirmRequest.m; sourceTree = "<group>"; };
		804BED0E1DDED8CA00382933 /* PDApiAtten_StatusRequest.h */ = {isa = PBXFileReference; fileEncoding = 4; lastKnownFileType = sourcecode.c.h; path = PDApiAtten_StatusRequest.h; sourceTree = "<group>"; };
		804BED0F1DDED8CA00382933 /* PDApiAtten_StatusRequest.m */ = {isa = PBXFileReference; fileEncoding = 4; lastKnownFileType = sourcecode.c.objc; path = PDApiAtten_StatusRequest.m; sourceTree = "<group>"; };
		804BED141DDEDA6D00382933 /* PDApiAtten_StatusModel.h */ = {isa = PBXFileReference; fileEncoding = 4; lastKnownFileType = sourcecode.c.h; path = PDApiAtten_StatusModel.h; sourceTree = "<group>"; };
		804BED151DDEDA6D00382933 /* PDApiAtten_StatusModel.m */ = {isa = PBXFileReference; fileEncoding = 4; lastKnownFileType = sourcecode.c.objc; path = PDApiAtten_StatusModel.m; sourceTree = "<group>"; };
		8098781C1DDAE64C00A32BE2 /* PDMapSDK.app */ = {isa = PBXFileReference; explicitFileType = wrapper.application; includeInIndex = 0; path = PDMapSDK.app; sourceTree = BUILT_PRODUCTS_DIR; };
		809878201DDAE64C00A32BE2 /* main.m */ = {isa = PBXFileReference; lastKnownFileType = sourcecode.c.objc; path = main.m; sourceTree = "<group>"; };
		809878221DDAE64C00A32BE2 /* AppDelegate.h */ = {isa = PBXFileReference; lastKnownFileType = sourcecode.c.h; path = AppDelegate.h; sourceTree = "<group>"; };
		809878231DDAE64C00A32BE2 /* AppDelegate.m */ = {isa = PBXFileReference; lastKnownFileType = sourcecode.c.objc; path = AppDelegate.m; sourceTree = "<group>"; };
		809878251DDAE64C00A32BE2 /* ViewController.h */ = {isa = PBXFileReference; lastKnownFileType = sourcecode.c.h; path = ViewController.h; sourceTree = "<group>"; };
		809878261DDAE64C00A32BE2 /* ViewController.m */ = {isa = PBXFileReference; lastKnownFileType = sourcecode.c.objc; path = ViewController.m; sourceTree = "<group>"; };
		809878291DDAE64C00A32BE2 /* Base */ = {isa = PBXFileReference; lastKnownFileType = file.storyboard; name = Base; path = Base.lproj/Main.storyboard; sourceTree = "<group>"; };
		8098782B1DDAE64C00A32BE2 /* Assets.xcassets */ = {isa = PBXFileReference; lastKnownFileType = folder.assetcatalog; path = Assets.xcassets; sourceTree = "<group>"; };
		8098782E1DDAE64C00A32BE2 /* Base */ = {isa = PBXFileReference; lastKnownFileType = file.storyboard; name = Base; path = Base.lproj/LaunchScreen.storyboard; sourceTree = "<group>"; };
		809878301DDAE64C00A32BE2 /* Info.plist */ = {isa = PBXFileReference; lastKnownFileType = text.plist.xml; path = Info.plist; sourceTree = "<group>"; };
		809878351DDAE64C00A32BE2 /* PDMapSDKTests.xctest */ = {isa = PBXFileReference; explicitFileType = wrapper.cfbundle; includeInIndex = 0; path = PDMapSDKTests.xctest; sourceTree = BUILT_PRODUCTS_DIR; };
		809878391DDAE64C00A32BE2 /* PDMapSDKTests.m */ = {isa = PBXFileReference; lastKnownFileType = sourcecode.c.objc; path = PDMapSDKTests.m; sourceTree = "<group>"; };
		8098783B1DDAE64C00A32BE2 /* Info.plist */ = {isa = PBXFileReference; lastKnownFileType = text.plist.xml; path = Info.plist; sourceTree = "<group>"; };
		809878401DDAE64C00A32BE2 /* PDMapSDKUITests.xctest */ = {isa = PBXFileReference; explicitFileType = wrapper.cfbundle; includeInIndex = 0; path = PDMapSDKUITests.xctest; sourceTree = BUILT_PRODUCTS_DIR; };
		809878441DDAE64C00A32BE2 /* PDMapSDKUITests.m */ = {isa = PBXFileReference; lastKnownFileType = sourcecode.c.objc; path = PDMapSDKUITests.m; sourceTree = "<group>"; };
		809878461DDAE64C00A32BE2 /* Info.plist */ = {isa = PBXFileReference; lastKnownFileType = text.plist.xml; path = Info.plist; sourceTree = "<group>"; };
		8098785A1DDAE8DE00A32BE2 /* UIKit.framework */ = {isa = PBXFileReference; lastKnownFileType = wrapper.framework; name = UIKit.framework; path = System/Library/Frameworks/UIKit.framework; sourceTree = SDKROOT; };
		8098785C1DDAE8E400A32BE2 /* Foundation.framework */ = {isa = PBXFileReference; lastKnownFileType = wrapper.framework; name = Foundation.framework; path = System/Library/Frameworks/Foundation.framework; sourceTree = SDKROOT; };
		8098785E1DDAE8EA00A32BE2 /* CoreGraphics.framework */ = {isa = PBXFileReference; lastKnownFileType = wrapper.framework; name = CoreGraphics.framework; path = System/Library/Frameworks/CoreGraphics.framework; sourceTree = SDKROOT; };
		809878601DDAE8F100A32BE2 /* QuartzCore.framework */ = {isa = PBXFileReference; lastKnownFileType = wrapper.framework; name = QuartzCore.framework; path = System/Library/Frameworks/QuartzCore.framework; sourceTree = SDKROOT; };
		809878621DDAE8F800A32BE2 /* OpenGLES.framework */ = {isa = PBXFileReference; lastKnownFileType = wrapper.framework; name = OpenGLES.framework; path = System/Library/Frameworks/OpenGLES.framework; sourceTree = SDKROOT; };
		809878641DDAE8FF00A32BE2 /* CoreLocation.framework */ = {isa = PBXFileReference; lastKnownFileType = wrapper.framework; name = CoreLocation.framework; path = System/Library/Frameworks/CoreLocation.framework; sourceTree = SDKROOT; };
		809878661DDAE90800A32BE2 /* CoreTelephony.framework */ = {isa = PBXFileReference; lastKnownFileType = wrapper.framework; name = CoreTelephony.framework; path = System/Library/Frameworks/CoreTelephony.framework; sourceTree = SDKROOT; };
		809878681DDAE91100A32BE2 /* SystemConfiguration.framework */ = {isa = PBXFileReference; lastKnownFileType = wrapper.framework; name = SystemConfiguration.framework; path = System/Library/Frameworks/SystemConfiguration.framework; sourceTree = SDKROOT; };
		8098786A1DDAE91900A32BE2 /* libz.tbd */ = {isa = PBXFileReference; lastKnownFileType = "sourcecode.text-based-dylib-definition"; name = libz.tbd; path = usr/lib/libz.tbd; sourceTree = SDKROOT; };
		8098786C1DDAE92400A32BE2 /* libstdc++.6.0.9.tbd */ = {isa = PBXFileReference; lastKnownFileType = "sourcecode.text-based-dylib-definition"; name = "libstdc++.6.0.9.tbd"; path = "usr/lib/libstdc++.6.0.9.tbd"; sourceTree = SDKROOT; };
		8098786E1DDAE92C00A32BE2 /* libc++.tbd */ = {isa = PBXFileReference; lastKnownFileType = "sourcecode.text-based-dylib-definition"; name = "libc++.tbd"; path = "usr/lib/libc++.tbd"; sourceTree = SDKROOT; };
		809878701DDAE93600A32BE2 /* Security.framework */ = {isa = PBXFileReference; lastKnownFileType = wrapper.framework; name = Security.framework; path = System/Library/Frameworks/Security.framework; sourceTree = SDKROOT; };
		809878721DDAE94600A32BE2 /* AdSupport.framework */ = {isa = PBXFileReference; lastKnownFileType = wrapper.framework; name = AdSupport.framework; path = System/Library/Frameworks/AdSupport.framework; sourceTree = SDKROOT; };
		809878741DDAE94C00A32BE2 /* JavaScriptCore.framework */ = {isa = PBXFileReference; lastKnownFileType = wrapper.framework; name = JavaScriptCore.framework; path = System/Library/Frameworks/JavaScriptCore.framework; sourceTree = SDKROOT; };
		80B199E41DDC06C8005958AB /* BntMapIMP.h */ = {isa = PBXFileReference; lastKnownFileType = sourcecode.c.h; path = BntMapIMP.h; sourceTree = "<group>"; };
		80B199E51DDC0EF6005958AB /* BntLocationReGeocode.h */ = {isa = PBXFileReference; fileEncoding = 4; lastKnownFileType = sourcecode.c.h; path = BntLocationReGeocode.h; sourceTree = "<group>"; };
		80B199E61DDC0EF6005958AB /* BntLocationReGeocode.m */ = {isa = PBXFileReference; fileEncoding = 4; lastKnownFileType = sourcecode.c.objc; path = BntLocationReGeocode.m; sourceTree = "<group>"; };
		80B199E81DDC11DD005958AB /* BntLocDataAnalyse.h */ = {isa = PBXFileReference; fileEncoding = 4; lastKnownFileType = sourcecode.c.h; path = BntLocDataAnalyse.h; sourceTree = "<group>"; };
		80B199E91DDC11DD005958AB /* BntLocDataAnalyse.m */ = {isa = PBXFileReference; fileEncoding = 4; lastKnownFileType = sourcecode.c.objc; path = BntLocDataAnalyse.m; sourceTree = "<group>"; };
		80B199EB1DDC1EE8005958AB /* BntMapHTTPManager.h */ = {isa = PBXFileReference; fileEncoding = 4; lastKnownFileType = sourcecode.c.h; path = BntMapHTTPManager.h; sourceTree = "<group>"; };
		80B199EC1DDC1EE8005958AB /* BntMapHTTPManager.m */ = {isa = PBXFileReference; fileEncoding = 4; lastKnownFileType = sourcecode.c.objc; path = BntMapHTTPManager.m; sourceTree = "<group>"; };
		80B199F71DDC61F1005958AB /* BntLocationConfigure.h */ = {isa = PBXFileReference; fileEncoding = 4; lastKnownFileType = sourcecode.c.h; path = BntLocationConfigure.h; sourceTree = "<group>"; };
		80B199F81DDC61F1005958AB /* BntLocationConfigure.m */ = {isa = PBXFileReference; fileEncoding = 4; lastKnownFileType = sourcecode.c.objc; path = BntLocationConfigure.m; sourceTree = "<group>"; };
		80B199FE1DDD6285005958AB /* BntAttendanceManager.h */ = {isa = PBXFileReference; fileEncoding = 4; lastKnownFileType = sourcecode.c.h; path = BntAttendanceManager.h; sourceTree = "<group>"; };
		80B199FF1DDD6285005958AB /* BntAttendanceManager.m */ = {isa = PBXFileReference; fileEncoding = 4; lastKnownFileType = sourcecode.c.objc; path = BntAttendanceManager.m; sourceTree = "<group>"; };
		80B19A041DDD6D49005958AB /* BntAttendanceCommand.h */ = {isa = PBXFileReference; fileEncoding = 4; lastKnownFileType = sourcecode.c.h; path = BntAttendanceCommand.h; sourceTree = "<group>"; };
		80B19A051DDD6D49005958AB /* BntAttendanceCommand.m */ = {isa = PBXFileReference; fileEncoding = 4; lastKnownFileType = sourcecode.c.objc; path = BntAttendanceCommand.m; sourceTree = "<group>"; };
		80B19A101DDD75D7005958AB /* PDMapSDK.entitlements */ = {isa = PBXFileReference; lastKnownFileType = text.plist.entitlements; path = PDMapSDK.entitlements; sourceTree = "<group>"; };
		80B19A2A1DDD7CDB005958AB /* BntLoc_AttenResponse.h */ = {isa = PBXFileReference; fileEncoding = 4; lastKnownFileType = sourcecode.c.h; path = BntLoc_AttenResponse.h; sourceTree = "<group>"; };
		80B19A2B1DDD7CDB005958AB /* BntLoc_AttenResponse.m */ = {isa = PBXFileReference; fileEncoding = 4; lastKnownFileType = sourcecode.c.objc; path = BntLoc_AttenResponse.m; sourceTree = "<group>"; };
		80B19A2C1DDD7CDB005958AB /* BntlocationResponse.h */ = {isa = PBXFileReference; fileEncoding = 4; lastKnownFileType = sourcecode.c.h; path = BntlocationResponse.h; sourceTree = "<group>"; };
		80B19A2D1DDD7CDB005958AB /* BntlocationResponse.m */ = {isa = PBXFileReference; fileEncoding = 4; lastKnownFileType = sourcecode.c.objc; path = BntlocationResponse.m; sourceTree = "<group>"; };
		80B19A301DDD8AD5005958AB /* BntAttendanceResponse.h */ = {isa = PBXFileReference; fileEncoding = 4; lastKnownFileType = sourcecode.c.h; path = BntAttendanceResponse.h; sourceTree = "<group>"; };
		80B19A311DDD8AD5005958AB /* BntAttendanceResponse.m */ = {isa = PBXFileReference; fileEncoding = 4; lastKnownFileType = sourcecode.c.objc; path = BntAttendanceResponse.m; sourceTree = "<group>"; };
		80B19A331DDD9097005958AB /* BntAtten_LocRequest.h */ = {isa = PBXFileReference; fileEncoding = 4; lastKnownFileType = sourcecode.c.h; name = BntAtten_LocRequest.h; path = ../BntAtten_LocRequest.h; sourceTree = "<group>"; };
		80B19A341DDD9097005958AB /* BntAtten_LocRequest.m */ = {isa = PBXFileReference; fileEncoding = 4; lastKnownFileType = sourcecode.c.objc; name = BntAtten_LocRequest.m; path = ../BntAtten_LocRequest.m; sourceTree = "<group>"; };
		80B19A371DDD90BB005958AB /* BntHardwareInfo.h */ = {isa = PBXFileReference; fileEncoding = 4; lastKnownFileType = sourcecode.c.h; path = BntHardwareInfo.h; sourceTree = "<group>"; };
		80B19A381DDD90BB005958AB /* BntHardwareInfo.m */ = {isa = PBXFileReference; fileEncoding = 4; lastKnownFileType = sourcecode.c.objc; path = BntHardwareInfo.m; sourceTree = "<group>"; };
		80B19A391DDD90BB005958AB /* BntHardwareManager.h */ = {isa = PBXFileReference; fileEncoding = 4; lastKnownFileType = sourcecode.c.h; path = BntHardwareManager.h; sourceTree = "<group>"; };
		80B19A3A1DDD90BB005958AB /* BntHardwareManager.m */ = {isa = PBXFileReference; fileEncoding = 4; lastKnownFileType = sourcecode.c.objc; path = BntHardwareManager.m; sourceTree = "<group>"; };
		80B19A3B1DDD90BB005958AB /* KeyChainStore.h */ = {isa = PBXFileReference; fileEncoding = 4; lastKnownFileType = sourcecode.c.h; path = KeyChainStore.h; sourceTree = "<group>"; };
		80B19A3C1DDD90BB005958AB /* KeyChainStore.m */ = {isa = PBXFileReference; fileEncoding = 4; lastKnownFileType = sourcecode.c.objc; path = KeyChainStore.m; sourceTree = "<group>"; };
		80B19A401DDDAB41005958AB /* TableViewCell.h */ = {isa = PBXFileReference; fileEncoding = 4; lastKnownFileType = sourcecode.c.h; path = TableViewCell.h; sourceTree = "<group>"; };
		80B19A411DDDAB41005958AB /* TableViewCell.m */ = {isa = PBXFileReference; fileEncoding = 4; lastKnownFileType = sourcecode.c.objc; path = TableViewCell.m; sourceTree = "<group>"; };
		80CDB8351DDEE4D100552912 /* PDApiAtten_Request.h */ = {isa = PBXFileReference; fileEncoding = 4; lastKnownFileType = sourcecode.c.h; path = PDApiAtten_Request.h; sourceTree = "<group>"; };
		80CDB8361DDEE4D100552912 /* PDApiAtten_Request.m */ = {isa = PBXFileReference; fileEncoding = 4; lastKnownFileType = sourcecode.c.objc; path = PDApiAtten_Request.m; sourceTree = "<group>"; };
		80CDB83B1DDF1ACE00552912 /* PDApiAttendanceCommand.h */ = {isa = PBXFileReference; fileEncoding = 4; lastKnownFileType = sourcecode.c.h; path = PDApiAttendanceCommand.h; sourceTree = "<group>"; };
		80CDB83C1DDF1ACE00552912 /* PDApiAttendanceCommand.m */ = {isa = PBXFileReference; fileEncoding = 4; lastKnownFileType = sourcecode.c.objc; path = PDApiAttendanceCommand.m; sourceTree = "<group>"; };
		80CDB83E1DE2919500552912 /* MapLocationController.h */ = {isa = PBXFileReference; fileEncoding = 4; lastKnownFileType = sourcecode.c.h; path = MapLocationController.h; sourceTree = "<group>"; };
		80CDB83F1DE2919500552912 /* MapLocationController.m */ = {isa = PBXFileReference; fileEncoding = 4; lastKnownFileType = sourcecode.c.objc; path = MapLocationController.m; sourceTree = "<group>"; };
		80CDB8411DE2925600552912 /* MapLocationTableViewCell.h */ = {isa = PBXFileReference; fileEncoding = 4; lastKnownFileType = sourcecode.c.h; path = MapLocationTableViewCell.h; sourceTree = "<group>"; };
		80CDB8421DE2925600552912 /* MapLocationTableViewCell.m */ = {isa = PBXFileReference; fileEncoding = 4; lastKnownFileType = sourcecode.c.objc; path = MapLocationTableViewCell.m; sourceTree = "<group>"; };
		80CDB84C1DE2BE5100552912 /* PDApiAttenAnalyse.h */ = {isa = PBXFileReference; fileEncoding = 4; lastKnownFileType = sourcecode.c.h; path = PDApiAttenAnalyse.h; sourceTree = "<group>"; };
		80CDB84D1DE2BE5100552912 /* PDApiAttenAnalyse.m */ = {isa = PBXFileReference; fileEncoding = 4; lastKnownFileType = sourcecode.c.objc; path = PDApiAttenAnalyse.m; sourceTree = "<group>"; };
		80D141A91DF906680010D14D /* AMapFoundationKit.framework */ = {isa = PBXFileReference; lastKnownFileType = wrapper.framework; path = AMapFoundationKit.framework; sourceTree = "<group>"; };
		80D141AA1DF906680010D14D /* AMapLocationKit.framework */ = {isa = PBXFileReference; lastKnownFileType = wrapper.framework; path = AMapLocationKit.framework; sourceTree = "<group>"; };
		80D141AB1DF906680010D14D /* AMapSearchKit.framework */ = {isa = PBXFileReference; lastKnownFileType = wrapper.framework; path = AMapSearchKit.framework; sourceTree = "<group>"; };
		80D141AC1DF906680010D14D /* AppHeader.h */ = {isa = PBXFileReference; fileEncoding = 4; lastKnownFileType = sourcecode.c.h; path = AppHeader.h; sourceTree = "<group>"; };
		80D141AF1DF906680010D14D /* MAMapKit.framework */ = {isa = PBXFileReference; lastKnownFileType = wrapper.framework; path = MAMapKit.framework; sourceTree = "<group>"; };
		80D141B11DF906680010D14D /* MBProgressHUD+Bnt.h */ = {isa = PBXFileReference; fileEncoding = 4; lastKnownFileType = sourcecode.c.h; path = "MBProgressHUD+Bnt.h"; sourceTree = "<group>"; };
		80D141B21DF906680010D14D /* MBProgressHUD+Bnt.m */ = {isa = PBXFileReference; fileEncoding = 4; lastKnownFileType = sourcecode.c.objc; path = "MBProgressHUD+Bnt.m"; sourceTree = "<group>"; };
		80D141B31DF906680010D14D /* MBProgressHUD.h */ = {isa = PBXFileReference; fileEncoding = 4; lastKnownFileType = sourcecode.c.h; path = MBProgressHUD.h; sourceTree = "<group>"; };
		80D141B41DF906680010D14D /* MBProgressHUD.m */ = {isa = PBXFileReference; fileEncoding = 4; lastKnownFileType = sourcecode.c.objc; path = MBProgressHUD.m; sourceTree = "<group>"; };
		80D141B61DF906680010D14D /* MJExtension.h */ = {isa = PBXFileReference; fileEncoding = 4; lastKnownFileType = sourcecode.c.h; path = MJExtension.h; sourceTree = "<group>"; };
		80D141B71DF906680010D14D /* MJExtensionConst.h */ = {isa = PBXFileReference; fileEncoding = 4; lastKnownFileType = sourcecode.c.h; path = MJExtensionConst.h; sourceTree = "<group>"; };
		80D141B81DF906680010D14D /* MJExtensionConst.m */ = {isa = PBXFileReference; fileEncoding = 4; lastKnownFileType = sourcecode.c.objc; path = MJExtensionConst.m; sourceTree = "<group>"; };
		80D141B91DF906680010D14D /* MJFoundation.h */ = {isa = PBXFileReference; fileEncoding = 4; lastKnownFileType = sourcecode.c.h; path = MJFoundation.h; sourceTree = "<group>"; };
		80D141BA1DF906680010D14D /* MJFoundation.m */ = {isa = PBXFileReference; fileEncoding = 4; lastKnownFileType = sourcecode.c.objc; path = MJFoundation.m; sourceTree = "<group>"; };
		80D141BB1DF906680010D14D /* MJProperty.h */ = {isa = PBXFileReference; fileEncoding = 4; lastKnownFileType = sourcecode.c.h; path = MJProperty.h; sourceTree = "<group>"; };
		80D141BC1DF906680010D14D /* MJProperty.m */ = {isa = PBXFileReference; fileEncoding = 4; lastKnownFileType = sourcecode.c.objc; path = MJProperty.m; sourceTree = "<group>"; };
		80D141BD1DF906680010D14D /* MJPropertyKey.h */ = {isa = PBXFileReference; fileEncoding = 4; lastKnownFileType = sourcecode.c.h; path = MJPropertyKey.h; sourceTree = "<group>"; };
		80D141BE1DF906680010D14D /* MJPropertyKey.m */ = {isa = PBXFileReference; fileEncoding = 4; lastKnownFileType = sourcecode.c.objc; path = MJPropertyKey.m; sourceTree = "<group>"; };
		80D141BF1DF906680010D14D /* MJPropertyType.h */ = {isa = PBXFileReference; fileEncoding = 4; lastKnownFileType = sourcecode.c.h; path = MJPropertyType.h; sourceTree = "<group>"; };
		80D141C01DF906680010D14D /* MJPropertyType.m */ = {isa = PBXFileReference; fileEncoding = 4; lastKnownFileType = sourcecode.c.objc; path = MJPropertyType.m; sourceTree = "<group>"; };
		80D141C11DF906680010D14D /* NSObject+MJClass.h */ = {isa = PBXFileReference; fileEncoding = 4; lastKnownFileType = sourcecode.c.h; path = "NSObject+MJClass.h"; sourceTree = "<group>"; };
		80D141C21DF906680010D14D /* NSObject+MJClass.m */ = {isa = PBXFileReference; fileEncoding = 4; lastKnownFileType = sourcecode.c.objc; path = "NSObject+MJClass.m"; sourceTree = "<group>"; };
		80D141C31DF906680010D14D /* NSObject+MJCoding.h */ = {isa = PBXFileReference; fileEncoding = 4; lastKnownFileType = sourcecode.c.h; path = "NSObject+MJCoding.h"; sourceTree = "<group>"; };
		80D141C41DF906680010D14D /* NSObject+MJCoding.m */ = {isa = PBXFileReference; fileEncoding = 4; lastKnownFileType = sourcecode.c.objc; path = "NSObject+MJCoding.m"; sourceTree = "<group>"; };
		80D141C51DF906680010D14D /* NSObject+MJKeyValue.h */ = {isa = PBXFileReference; fileEncoding = 4; lastKnownFileType = sourcecode.c.h; path = "NSObject+MJKeyValue.h"; sourceTree = "<group>"; };
		80D141C61DF906680010D14D /* NSObject+MJKeyValue.m */ = {isa = PBXFileReference; fileEncoding = 4; lastKnownFileType = sourcecode.c.objc; path = "NSObject+MJKeyValue.m"; sourceTree = "<group>"; };
		80D141C71DF906680010D14D /* NSObject+MJProperty.h */ = {isa = PBXFileReference; fileEncoding = 4; lastKnownFileType = sourcecode.c.h; path = "NSObject+MJProperty.h"; sourceTree = "<group>"; };
		80D141C81DF906680010D14D /* NSObject+MJProperty.m */ = {isa = PBXFileReference; fileEncoding = 4; lastKnownFileType = sourcecode.c.objc; path = "NSObject+MJProperty.m"; sourceTree = "<group>"; };
		80D141C91DF906680010D14D /* NSString+MJExtension.h */ = {isa = PBXFileReference; fileEncoding = 4; lastKnownFileType = sourcecode.c.h; path = "NSString+MJExtension.h"; sourceTree = "<group>"; };
		80D141CA1DF906680010D14D /* NSString+MJExtension.m */ = {isa = PBXFileReference; fileEncoding = 4; lastKnownFileType = sourcecode.c.objc; path = "NSString+MJExtension.m"; sourceTree = "<group>"; };
		80D141CB1DF906680010D14D /* PDDataExtension.h */ = {isa = PBXFileReference; fileEncoding = 4; lastKnownFileType = sourcecode.c.h; path = PDDataExtension.h; sourceTree = "<group>"; };
		80D141CC1DF906680010D14D /* PDDataExtension.m */ = {isa = PBXFileReference; fileEncoding = 4; lastKnownFileType = sourcecode.c.objc; path = PDDataExtension.m; sourceTree = "<group>"; };
		80F3CFDB1DDAFE9C009538FE /* UserLocation.h */ = {isa = PBXFileReference; fileEncoding = 4; lastKnownFileType = sourcecode.c.h; path = UserLocation.h; sourceTree = "<group>"; };
		80F3CFDC1DDAFE9C009538FE /* UserLocation.m */ = {isa = PBXFileReference; fileEncoding = 4; lastKnownFileType = sourcecode.c.objc; path = UserLocation.m; sourceTree = "<group>"; };
/* End PBXFileReference section */

/* Begin PBXFrameworksBuildPhase section */
		809878191DDAE64C00A32BE2 /* Frameworks */ = {
			isa = PBXFrameworksBuildPhase;
			buildActionMask = 2147483647;
			files = (
				809878751DDAE94C00A32BE2 /* JavaScriptCore.framework in Frameworks */,
				809878731DDAE94600A32BE2 /* AdSupport.framework in Frameworks */,
				809878711DDAE93600A32BE2 /* Security.framework in Frameworks */,
				8098786F1DDAE92C00A32BE2 /* libc++.tbd in Frameworks */,
				80D141CD1DF906680010D14D /* AMapFoundationKit.framework in Frameworks */,
				80D141CF1DF906680010D14D /* AMapSearchKit.framework in Frameworks */,
				80D141CE1DF906680010D14D /* AMapLocationKit.framework in Frameworks */,
				8098786D1DDAE92400A32BE2 /* libstdc++.6.0.9.tbd in Frameworks */,
				8098786B1DDAE91900A32BE2 /* libz.tbd in Frameworks */,
				809878691DDAE91100A32BE2 /* SystemConfiguration.framework in Frameworks */,
				809878671DDAE90800A32BE2 /* CoreTelephony.framework in Frameworks */,
				809878651DDAE8FF00A32BE2 /* CoreLocation.framework in Frameworks */,
				80D141D11DF906680010D14D /* MAMapKit.framework in Frameworks */,
				809878631DDAE8F800A32BE2 /* OpenGLES.framework in Frameworks */,
				809878611DDAE8F100A32BE2 /* QuartzCore.framework in Frameworks */,
				8098785F1DDAE8EA00A32BE2 /* CoreGraphics.framework in Frameworks */,
				8098785D1DDAE8E400A32BE2 /* Foundation.framework in Frameworks */,
				8098785B1DDAE8DE00A32BE2 /* UIKit.framework in Frameworks */,
			);
			runOnlyForDeploymentPostprocessing = 0;
		};
		809878321DDAE64C00A32BE2 /* Frameworks */ = {
			isa = PBXFrameworksBuildPhase;
			buildActionMask = 2147483647;
			files = (
			);
			runOnlyForDeploymentPostprocessing = 0;
		};
		8098783D1DDAE64C00A32BE2 /* Frameworks */ = {
			isa = PBXFrameworksBuildPhase;
			buildActionMask = 2147483647;
			files = (
			);
			runOnlyForDeploymentPostprocessing = 0;
		};
/* End PBXFrameworksBuildPhase section */

/* Begin PBXGroup section */
		8037DF961DF94D9700BD8EE6 /* Help */ = {
			isa = PBXGroup;
			children = (
				8037DF971DF94DB000BD8EE6 /* NSDate+Bnt.h */,
				8037DF981DF94DB000BD8EE6 /* NSDate+Bnt.m */,
			);
			path = Help;
			sourceTree = "<group>";
		};
		804BECC91DDEB39900382933 /* Model */ = {
			isa = PBXGroup;
			children = (
				804BECFE1DDED6A200382933 /* Response */,
				804BECF71DDED50D00382933 /* Request */,
			);
			path = Model;
			sourceTree = "<group>";
		};
		804BECF71DDED50D00382933 /* Request */ = {
			isa = PBXGroup;
			children = (
				804BED0E1DDED8CA00382933 /* PDApiAtten_StatusRequest.h */,
				804BED0F1DDED8CA00382933 /* PDApiAtten_StatusRequest.m */,
				804BED0B1DDED87D00382933 /* PDApiAtten_ConfirmRequest.h */,
				804BED0C1DDED87D00382933 /* PDApiAtten_ConfirmRequest.m */,
				80CDB8351DDEE4D100552912 /* PDApiAtten_Request.h */,
				80CDB8361DDEE4D100552912 /* PDApiAtten_Request.m */,
				80CDB84C1DE2BE5100552912 /* PDApiAttenAnalyse.h */,
				80CDB84D1DE2BE5100552912 /* PDApiAttenAnalyse.m */,
				80CDB83B1DDF1ACE00552912 /* PDApiAttendanceCommand.h */,
				80CDB83C1DDF1ACE00552912 /* PDApiAttendanceCommand.m */,
			);
			name = Request;
			path = ../Request;
			sourceTree = "<group>";
		};
		804BECFE1DDED6A200382933 /* Response */ = {
			isa = PBXGroup;
			children = (
				804BED081DDED7F900382933 /* PDApiAtten_Model.h */,
				804BED091DDED7F900382933 /* PDApiAtten_Model.m */,
				804BED141DDEDA6D00382933 /* PDApiAtten_StatusModel.h */,
				804BED151DDEDA6D00382933 /* PDApiAtten_StatusModel.m */,
				804BED021DDED77400382933 /* PDApiAtten_List.h */,
				804BED031DDED77400382933 /* PDApiAtten_List.m */,
				804BED051DDED7D000382933 /* PDApiAtten_Colloection.h */,
				804BED061DDED7D000382933 /* PDApiAtten_Colloection.m */,
			);
			path = Response;
			sourceTree = "<group>";
		};
		809878131DDAE64C00A32BE2 = {
			isa = PBXGroup;
			children = (
				8098781E1DDAE64C00A32BE2 /* PDMapSDK */,
				809878381DDAE64C00A32BE2 /* PDMapSDKTests */,
				809878431DDAE64C00A32BE2 /* PDMapSDKUITests */,
				8098781D1DDAE64C00A32BE2 /* Products */,
				809878591DDAE8DE00A32BE2 /* Frameworks */,
			);
			sourceTree = "<group>";
		};
		8098781D1DDAE64C00A32BE2 /* Products */ = {
			isa = PBXGroup;
			children = (
				8098781C1DDAE64C00A32BE2 /* PDMapSDK.app */,
				809878351DDAE64C00A32BE2 /* PDMapSDKTests.xctest */,
				809878401DDAE64C00A32BE2 /* PDMapSDKUITests.xctest */,
			);
			name = Products;
			sourceTree = "<group>";
		};
		8098781E1DDAE64C00A32BE2 /* PDMapSDK */ = {
			isa = PBXGroup;
			children = (
				80CDB83E1DE2919500552912 /* MapLocationController.h */,
				80CDB83F1DE2919500552912 /* MapLocationController.m */,
				80CDB8411DE2925600552912 /* MapLocationTableViewCell.h */,
				80CDB8421DE2925600552912 /* MapLocationTableViewCell.m */,
				809878251DDAE64C00A32BE2 /* ViewController.h */,
				809878261DDAE64C00A32BE2 /* ViewController.m */,
				80B19A401DDDAB41005958AB /* TableViewCell.h */,
				80B19A411DDDAB41005958AB /* TableViewCell.m */,
				80B199FD1DDD625A005958AB /* Attendance */,
				80F3CFD91DDAFD38009538FE /* Api */,
				8037DF961DF94D9700BD8EE6 /* Help */,
				80F3CFDA1DDAFD38009538FE /* Map */,
				80D141A81DF906680010D14D /* Framework */,
				804BECC01DDEACC300382933 /* AttendanceViewController.h */,
				804BECC11DDEACC300382933 /* AttendanceViewController.m */,
				804BECC61DDEB17A00382933 /* AttendanceCell.h */,
				804BECC71DDEB17A00382933 /* AttendanceCell.m */,
				809878221DDAE64C00A32BE2 /* AppDelegate.h */,
				809878231DDAE64C00A32BE2 /* AppDelegate.m */,
				8098781F1DDAE64C00A32BE2 /* Supporting Files */,
			);
			path = PDMapSDK;
			sourceTree = "<group>";
		};
		8098781F1DDAE64C00A32BE2 /* Supporting Files */ = {
			isa = PBXGroup;
			children = (
				809878281DDAE64C00A32BE2 /* Main.storyboard */,
				8098782B1DDAE64C00A32BE2 /* Assets.xcassets */,
				8098782D1DDAE64C00A32BE2 /* LaunchScreen.storyboard */,
				809878301DDAE64C00A32BE2 /* Info.plist */,
				80B19A101DDD75D7005958AB /* PDMapSDK.entitlements */,
				809878201DDAE64C00A32BE2 /* main.m */,
			);
			name = "Supporting Files";
			sourceTree = "<group>";
		};
		809878381DDAE64C00A32BE2 /* PDMapSDKTests */ = {
			isa = PBXGroup;
			children = (
				809878391DDAE64C00A32BE2 /* PDMapSDKTests.m */,
				8098783B1DDAE64C00A32BE2 /* Info.plist */,
			);
			path = PDMapSDKTests;
			sourceTree = "<group>";
		};
		809878431DDAE64C00A32BE2 /* PDMapSDKUITests */ = {
			isa = PBXGroup;
			children = (
				809878441DDAE64C00A32BE2 /* PDMapSDKUITests.m */,
				809878461DDAE64C00A32BE2 /* Info.plist */,
			);
			path = PDMapSDKUITests;
			sourceTree = "<group>";
		};
		809878591DDAE8DE00A32BE2 /* Frameworks */ = {
			isa = PBXGroup;
			children = (
				809878741DDAE94C00A32BE2 /* JavaScriptCore.framework */,
				809878721DDAE94600A32BE2 /* AdSupport.framework */,
				809878701DDAE93600A32BE2 /* Security.framework */,
				8098786E1DDAE92C00A32BE2 /* libc++.tbd */,
				8098786C1DDAE92400A32BE2 /* libstdc++.6.0.9.tbd */,
				8098786A1DDAE91900A32BE2 /* libz.tbd */,
				809878681DDAE91100A32BE2 /* SystemConfiguration.framework */,
				809878661DDAE90800A32BE2 /* CoreTelephony.framework */,
				809878641DDAE8FF00A32BE2 /* CoreLocation.framework */,
				809878621DDAE8F800A32BE2 /* OpenGLES.framework */,
				809878601DDAE8F100A32BE2 /* QuartzCore.framework */,
				8098785E1DDAE8EA00A32BE2 /* CoreGraphics.framework */,
				8098785C1DDAE8E400A32BE2 /* Foundation.framework */,
				8098785A1DDAE8DE00A32BE2 /* UIKit.framework */,
			);
			name = Frameworks;
			sourceTree = "<group>";
		};
		80B199FD1DDD625A005958AB /* Attendance */ = {
			isa = PBXGroup;
			children = (
				80B19A361DDD90BB005958AB /* Input */,
				80B199FE1DDD6285005958AB /* BntAttendanceManager.h */,
				80B199FF1DDD6285005958AB /* BntAttendanceManager.m */,
				80B19A041DDD6D49005958AB /* BntAttendanceCommand.h */,
				80B19A051DDD6D49005958AB /* BntAttendanceCommand.m */,
				80B19A301DDD8AD5005958AB /* BntAttendanceResponse.h */,
				80B19A311DDD8AD5005958AB /* BntAttendanceResponse.m */,
				8037DF931DF93D1C00BD8EE6 /* BntAttendanceStatusAnalyse.h */,
				8037DF941DF93D1C00BD8EE6 /* BntAttendanceStatusAnalyse.m */,
			);
			path = Attendance;
			sourceTree = "<group>";
		};
		80B19A201DDD7C9F005958AB /* Result */ = {
			isa = PBXGroup;
			children = (
				80B19A2A1DDD7CDB005958AB /* BntLoc_AttenResponse.h */,
				80B19A2B1DDD7CDB005958AB /* BntLoc_AttenResponse.m */,
				80B19A2C1DDD7CDB005958AB /* BntlocationResponse.h */,
				80B19A2D1DDD7CDB005958AB /* BntlocationResponse.m */,
			);
			path = Result;
			sourceTree = "<group>";
		};
		80B19A361DDD90BB005958AB /* Input */ = {
			isa = PBXGroup;
			children = (
				80B19A391DDD90BB005958AB /* BntHardwareManager.h */,
				80B19A3A1DDD90BB005958AB /* BntHardwareManager.m */,
				80B19A371DDD90BB005958AB /* BntHardwareInfo.h */,
				80B19A381DDD90BB005958AB /* BntHardwareInfo.m */,
				80B19A3B1DDD90BB005958AB /* KeyChainStore.h */,
				80B19A3C1DDD90BB005958AB /* KeyChainStore.m */,
				80B19A331DDD9097005958AB /* BntAtten_LocRequest.h */,
				80B19A341DDD9097005958AB /* BntAtten_LocRequest.m */,
			);
			path = Input;
			sourceTree = "<group>";
		};
		80D141A81DF906680010D14D /* Framework */ = {
			isa = PBXGroup;
			children = (
				80D141A91DF906680010D14D /* AMapFoundationKit.framework */,
				80D141AA1DF906680010D14D /* AMapLocationKit.framework */,
				80D141AB1DF906680010D14D /* AMapSearchKit.framework */,
				80D141AC1DF906680010D14D /* AppHeader.h */,
				80D141AF1DF906680010D14D /* MAMapKit.framework */,
				80D141B01DF906680010D14D /* MBProgressHUD */,
				80D141B51DF906680010D14D /* MJExtension */,
				80D141CB1DF906680010D14D /* PDDataExtension.h */,
				80D141CC1DF906680010D14D /* PDDataExtension.m */,
			);
			path = Framework;
			sourceTree = "<group>";
		};
		80D141B01DF906680010D14D /* MBProgressHUD */ = {
			isa = PBXGroup;
			children = (
				80D141B11DF906680010D14D /* MBProgressHUD+Bnt.h */,
				80D141B21DF906680010D14D /* MBProgressHUD+Bnt.m */,
				80D141B31DF906680010D14D /* MBProgressHUD.h */,
				80D141B41DF906680010D14D /* MBProgressHUD.m */,
			);
			path = MBProgressHUD;
			sourceTree = "<group>";
		};
		80D141B51DF906680010D14D /* MJExtension */ = {
			isa = PBXGroup;
			children = (
				80D141B61DF906680010D14D /* MJExtension.h */,
				80D141B71DF906680010D14D /* MJExtensionConst.h */,
				80D141B81DF906680010D14D /* MJExtensionConst.m */,
				80D141B91DF906680010D14D /* MJFoundation.h */,
				80D141BA1DF906680010D14D /* MJFoundation.m */,
				80D141BB1DF906680010D14D /* MJProperty.h */,
				80D141BC1DF906680010D14D /* MJProperty.m */,
				80D141BD1DF906680010D14D /* MJPropertyKey.h */,
				80D141BE1DF906680010D14D /* MJPropertyKey.m */,
				80D141BF1DF906680010D14D /* MJPropertyType.h */,
				80D141C01DF906680010D14D /* MJPropertyType.m */,
				80D141C11DF906680010D14D /* NSObject+MJClass.h */,
				80D141C21DF906680010D14D /* NSObject+MJClass.m */,
				80D141C31DF906680010D14D /* NSObject+MJCoding.h */,
				80D141C41DF906680010D14D /* NSObject+MJCoding.m */,
				80D141C51DF906680010D14D /* NSObject+MJKeyValue.h */,
				80D141C61DF906680010D14D /* NSObject+MJKeyValue.m */,
				80D141C71DF906680010D14D /* NSObject+MJProperty.h */,
				80D141C81DF906680010D14D /* NSObject+MJProperty.m */,
				80D141C91DF906680010D14D /* NSString+MJExtension.h */,
				80D141CA1DF906680010D14D /* NSString+MJExtension.m */,
			);
			path = MJExtension;
			sourceTree = "<group>";
		};
		80F3CFD91DDAFD38009538FE /* Api */ = {
			isa = PBXGroup;
			children = (
				804BECC91DDEB39900382933 /* Model */,
				80B199EB1DDC1EE8005958AB /* BntMapHTTPManager.h */,
				80B199EC1DDC1EE8005958AB /* BntMapHTTPManager.m */,
				804BECF31DDECAD200382933 /* PDMapApiKit.h */,
			);
			path = Api;
			sourceTree = "<group>";
		};
		80F3CFDA1DDAFD38009538FE /* Map */ = {
			isa = PBXGroup;
			children = (
				80B19A201DDD7C9F005958AB /* Result */,
				80F3CFDB1DDAFE9C009538FE /* UserLocation.h */,
				80F3CFDC1DDAFE9C009538FE /* UserLocation.m */,
				80B199F71DDC61F1005958AB /* BntLocationConfigure.h */,
				80B199F81DDC61F1005958AB /* BntLocationConfigure.m */,
				80B199E81DDC11DD005958AB /* BntLocDataAnalyse.h */,
				80B199E91DDC11DD005958AB /* BntLocDataAnalyse.m */,
				80B199E51DDC0EF6005958AB /* BntLocationReGeocode.h */,
				80B199E61DDC0EF6005958AB /* BntLocationReGeocode.m */,
				80B199E41DDC06C8005958AB /* BntMapIMP.h */,
			);
			path = Map;
			sourceTree = "<group>";
		};
/* End PBXGroup section */

/* Begin PBXNativeTarget section */
		8098781B1DDAE64C00A32BE2 /* PDMapSDK */ = {
			isa = PBXNativeTarget;
			buildConfigurationList = 809878491DDAE64C00A32BE2 /* Build configuration list for PBXNativeTarget "PDMapSDK" */;
			buildPhases = (
				809878181DDAE64C00A32BE2 /* Sources */,
				809878191DDAE64C00A32BE2 /* Frameworks */,
				8098781A1DDAE64C00A32BE2 /* Resources */,
			);
			buildRules = (
			);
			dependencies = (
			);
			name = PDMapSDK;
			productName = PDMapSDK;
			productReference = 8098781C1DDAE64C00A32BE2 /* PDMapSDK.app */;
			productType = "com.apple.product-type.application";
		};
		809878341DDAE64C00A32BE2 /* PDMapSDKTests */ = {
			isa = PBXNativeTarget;
			buildConfigurationList = 8098784C1DDAE64C00A32BE2 /* Build configuration list for PBXNativeTarget "PDMapSDKTests" */;
			buildPhases = (
				809878311DDAE64C00A32BE2 /* Sources */,
				809878321DDAE64C00A32BE2 /* Frameworks */,
				809878331DDAE64C00A32BE2 /* Resources */,
			);
			buildRules = (
			);
			dependencies = (
				809878371DDAE64C00A32BE2 /* PBXTargetDependency */,
			);
			name = PDMapSDKTests;
			productName = PDMapSDKTests;
			productReference = 809878351DDAE64C00A32BE2 /* PDMapSDKTests.xctest */;
			productType = "com.apple.product-type.bundle.unit-test";
		};
		8098783F1DDAE64C00A32BE2 /* PDMapSDKUITests */ = {
			isa = PBXNativeTarget;
			buildConfigurationList = 8098784F1DDAE64C00A32BE2 /* Build configuration list for PBXNativeTarget "PDMapSDKUITests" */;
			buildPhases = (
				8098783C1DDAE64C00A32BE2 /* Sources */,
				8098783D1DDAE64C00A32BE2 /* Frameworks */,
				8098783E1DDAE64C00A32BE2 /* Resources */,
			);
			buildRules = (
			);
			dependencies = (
				809878421DDAE64C00A32BE2 /* PBXTargetDependency */,
			);
			name = PDMapSDKUITests;
			productName = PDMapSDKUITests;
			productReference = 809878401DDAE64C00A32BE2 /* PDMapSDKUITests.xctest */;
			productType = "com.apple.product-type.bundle.ui-testing";
		};
/* End PBXNativeTarget section */

/* Begin PBXProject section */
		809878141DDAE64C00A32BE2 /* Project object */ = {
			isa = PBXProject;
			attributes = {
				LastUpgradeCheck = 0800;
				ORGANIZATIONNAME = "吴克赛";
				TargetAttributes = {
					8098781B1DDAE64C00A32BE2 = {
						CreatedOnToolsVersion = 8.0;
						DevelopmentTeam = PZD8DW62YF;
						ProvisioningStyle = Automatic;
						SystemCapabilities = {
							com.apple.BackgroundModes = {
								enabled = 1;
							};
							com.apple.Keychain = {
								enabled = 1;
							};
						};
					};
					809878341DDAE64C00A32BE2 = {
						CreatedOnToolsVersion = 8.0;
						DevelopmentTeam = MVDV39EGU3;
						ProvisioningStyle = Automatic;
						TestTargetID = 8098781B1DDAE64C00A32BE2;
					};
					8098783F1DDAE64C00A32BE2 = {
						CreatedOnToolsVersion = 8.0;
						DevelopmentTeam = MVDV39EGU3;
						ProvisioningStyle = Automatic;
						TestTargetID = 8098781B1DDAE64C00A32BE2;
					};
				};
			};
			buildConfigurationList = 809878171DDAE64C00A32BE2 /* Build configuration list for PBXProject "PDMapSDK" */;
			compatibilityVersion = "Xcode 3.2";
			developmentRegion = English;
			hasScannedForEncodings = 0;
			knownRegions = (
				en,
				Base,
			);
			mainGroup = 809878131DDAE64C00A32BE2;
			productRefGroup = 8098781D1DDAE64C00A32BE2 /* Products */;
			projectDirPath = "";
			projectRoot = "";
			targets = (
				8098781B1DDAE64C00A32BE2 /* PDMapSDK */,
				809878341DDAE64C00A32BE2 /* PDMapSDKTests */,
				8098783F1DDAE64C00A32BE2 /* PDMapSDKUITests */,
			);
		};
/* End PBXProject section */

/* Begin PBXResourcesBuildPhase section */
		8098781A1DDAE64C00A32BE2 /* Resources */ = {
			isa = PBXResourcesBuildPhase;
			buildActionMask = 2147483647;
			files = (
				8098782F1DDAE64C00A32BE2 /* LaunchScreen.storyboard in Resources */,
				8098782C1DDAE64C00A32BE2 /* Assets.xcassets in Resources */,
				8098782A1DDAE64C00A32BE2 /* Main.storyboard in Resources */,
			);
			runOnlyForDeploymentPostprocessing = 0;
		};
		809878331DDAE64C00A32BE2 /* Resources */ = {
			isa = PBXResourcesBuildPhase;
			buildActionMask = 2147483647;
			files = (
			);
			runOnlyForDeploymentPostprocessing = 0;
		};
		8098783E1DDAE64C00A32BE2 /* Resources */ = {
			isa = PBXResourcesBuildPhase;
			buildActionMask = 2147483647;
			files = (
			);
			runOnlyForDeploymentPostprocessing = 0;
		};
/* End PBXResourcesBuildPhase section */

/* Begin PBXSourcesBuildPhase section */
		809878181DDAE64C00A32BE2 /* Sources */ = {
			isa = PBXSourcesBuildPhase;
			buildActionMask = 2147483647;
			files = (
				80D141D81DF906680010D14D /* MJPropertyType.m in Sources */,
				809878271DDAE64C00A32BE2 /* ViewController.m in Sources */,
				80CDB8431DE2925600552912 /* MapLocationTableViewCell.m in Sources */,
				80B199E71DDC0EF6005958AB /* BntLocationReGeocode.m in Sources */,
				80D141D51DF906680010D14D /* MJFoundation.m in Sources */,
				80B19A351DDD9097005958AB /* BntAtten_LocRequest.m in Sources */,
				80B19A3E1DDD90BB005958AB /* BntHardwareManager.m in Sources */,
				804BED0A1DDED7F900382933 /* PDApiAtten_Model.m in Sources */,
				80B19A321DDD8AD5005958AB /* BntAttendanceResponse.m in Sources */,
				80D141D31DF906680010D14D /* MBProgressHUD.m in Sources */,
				80D141DB1DF906680010D14D /* NSObject+MJKeyValue.m in Sources */,
				80D141D21DF906680010D14D /* MBProgressHUD+Bnt.m in Sources */,
				80D141DD1DF906680010D14D /* NSString+MJExtension.m in Sources */,
				80D141DA1DF906680010D14D /* NSObject+MJCoding.m in Sources */,
				804BED0D1DDED87D00382933 /* PDApiAtten_ConfirmRequest.m in Sources */,
				80B199F91DDC61F1005958AB /* BntLocationConfigure.m in Sources */,
				80D141D91DF906680010D14D /* NSObject+MJClass.m in Sources */,
				80B19A001DDD6285005958AB /* BntAttendanceManager.m in Sources */,
				80CDB84E1DE2BE5100552912 /* PDApiAttenAnalyse.m in Sources */,
				80B19A061DDD6D49005958AB /* BntAttendanceCommand.m in Sources */,
				80CDB8401DE2919500552912 /* MapLocationController.m in Sources */,
				80D141D41DF906680010D14D /* MJExtensionConst.m in Sources */,
				80F3CFDD1DDAFE9C009538FE /* UserLocation.m in Sources */,
				80CDB83D1DDF1ACE00552912 /* PDApiAttendanceCommand.m in Sources */,
				804BECC81DDEB17A00382933 /* AttendanceCell.m in Sources */,
				80B199ED1DDC1EE8005958AB /* BntMapHTTPManager.m in Sources */,
				80B19A421DDDAB41005958AB /* TableViewCell.m in Sources */,
				804BED041DDED77400382933 /* PDApiAtten_List.m in Sources */,
				80D141D61DF906680010D14D /* MJProperty.m in Sources */,
				804BECC21DDEACC300382933 /* AttendanceViewController.m in Sources */,
				80D141DC1DF906680010D14D /* NSObject+MJProperty.m in Sources */,
				8037DF951DF93D1C00BD8EE6 /* BntAttendanceStatusAnalyse.m in Sources */,
				804BED071DDED7D000382933 /* PDApiAtten_Colloection.m in Sources */,
				80D141D71DF906680010D14D /* MJPropertyKey.m in Sources */,
				80B19A3D1DDD90BB005958AB /* BntHardwareInfo.m in Sources */,
				804BED101DDED8CA00382933 /* PDApiAtten_StatusRequest.m in Sources */,
				80B19A2E1DDD7CDB005958AB /* BntLoc_AttenResponse.m in Sources */,
				80B19A3F1DDD90BB005958AB /* KeyChainStore.m in Sources */,
				809878241DDAE64C00A32BE2 /* AppDelegate.m in Sources */,
				80B19A2F1DDD7CDB005958AB /* BntlocationResponse.m in Sources */,
				809878211DDAE64C00A32BE2 /* main.m in Sources */,
				8037DF991DF94DB000BD8EE6 /* NSDate+Bnt.m in Sources */,
				80CDB8371DDEE4D100552912 /* PDApiAtten_Request.m in Sources */,
				80B199EA1DDC11DD005958AB /* BntLocDataAnalyse.m in Sources */,
				80D141DE1DF906680010D14D /* PDDataExtension.m in Sources */,
				804BED161DDEDA6D00382933 /* PDApiAtten_StatusModel.m in Sources */,
			);
			runOnlyForDeploymentPostprocessing = 0;
		};
		809878311DDAE64C00A32BE2 /* Sources */ = {
			isa = PBXSourcesBuildPhase;
			buildActionMask = 2147483647;
			files = (
				8098783A1DDAE64C00A32BE2 /* PDMapSDKTests.m in Sources */,
			);
			runOnlyForDeploymentPostprocessing = 0;
		};
		8098783C1DDAE64C00A32BE2 /* Sources */ = {
			isa = PBXSourcesBuildPhase;
			buildActionMask = 2147483647;
			files = (
				809878451DDAE64C00A32BE2 /* PDMapSDKUITests.m in Sources */,
			);
			runOnlyForDeploymentPostprocessing = 0;
		};
/* End PBXSourcesBuildPhase section */

/* Begin PBXTargetDependency section */
		809878371DDAE64C00A32BE2 /* PBXTargetDependency */ = {
			isa = PBXTargetDependency;
			target = 8098781B1DDAE64C00A32BE2 /* PDMapSDK */;
			targetProxy = 809878361DDAE64C00A32BE2 /* PBXContainerItemProxy */;
		};
		809878421DDAE64C00A32BE2 /* PBXTargetDependency */ = {
			isa = PBXTargetDependency;
			target = 8098781B1DDAE64C00A32BE2 /* PDMapSDK */;
			targetProxy = 809878411DDAE64C00A32BE2 /* PBXContainerItemProxy */;
		};
/* End PBXTargetDependency section */

/* Begin PBXVariantGroup section */
		809878281DDAE64C00A32BE2 /* Main.storyboard */ = {
			isa = PBXVariantGroup;
			children = (
				809878291DDAE64C00A32BE2 /* Base */,
			);
			name = Main.storyboard;
			sourceTree = "<group>";
		};
		8098782D1DDAE64C00A32BE2 /* LaunchScreen.storyboard */ = {
			isa = PBXVariantGroup;
			children = (
				8098782E1DDAE64C00A32BE2 /* Base */,
			);
			name = LaunchScreen.storyboard;
			sourceTree = "<group>";
		};
/* End PBXVariantGroup section */

/* Begin XCBuildConfiguration section */
		809878471DDAE64C00A32BE2 /* Debug */ = {
			isa = XCBuildConfiguration;
			buildSettings = {
				ALWAYS_SEARCH_USER_PATHS = NO;
				CLANG_ANALYZER_NONNULL = YES;
				CLANG_CXX_LANGUAGE_STANDARD = "gnu++0x";
				CLANG_CXX_LIBRARY = "libc++";
				CLANG_ENABLE_MODULES = YES;
				CLANG_ENABLE_OBJC_ARC = YES;
				CLANG_WARN_BOOL_CONVERSION = YES;
				CLANG_WARN_CONSTANT_CONVERSION = YES;
				CLANG_WARN_DIRECT_OBJC_ISA_USAGE = YES_ERROR;
				CLANG_WARN_DOCUMENTATION_COMMENTS = YES;
				CLANG_WARN_EMPTY_BODY = YES;
				CLANG_WARN_ENUM_CONVERSION = YES;
				CLANG_WARN_INFINITE_RECURSION = YES;
				CLANG_WARN_INT_CONVERSION = YES;
				CLANG_WARN_OBJC_ROOT_CLASS = YES_ERROR;
				CLANG_WARN_SUSPICIOUS_MOVES = YES;
				CLANG_WARN_UNREACHABLE_CODE = YES;
				CLANG_WARN__DUPLICATE_METHOD_MATCH = YES;
				"CODE_SIGN_IDENTITY[sdk=iphoneos*]" = "iPhone Developer";
				COPY_PHASE_STRIP = NO;
				DEBUG_INFORMATION_FORMAT = dwarf;
				ENABLE_STRICT_OBJC_MSGSEND = YES;
				ENABLE_TESTABILITY = YES;
				GCC_C_LANGUAGE_STANDARD = gnu99;
				GCC_DYNAMIC_NO_PIC = NO;
				GCC_NO_COMMON_BLOCKS = YES;
				GCC_OPTIMIZATION_LEVEL = 0;
				GCC_PREPROCESSOR_DEFINITIONS = (
					"DEBUG=1",
					"$(inherited)",
				);
				GCC_WARN_64_TO_32_BIT_CONVERSION = YES;
				GCC_WARN_ABOUT_RETURN_TYPE = YES_ERROR;
				GCC_WARN_UNDECLARED_SELECTOR = YES;
				GCC_WARN_UNINITIALIZED_AUTOS = YES_AGGRESSIVE;
				GCC_WARN_UNUSED_FUNCTION = YES;
				GCC_WARN_UNUSED_VARIABLE = YES;
				IPHONEOS_DEPLOYMENT_TARGET = 10.0;
				MTL_ENABLE_DEBUG_INFO = YES;
				ONLY_ACTIVE_ARCH = YES;
				SDKROOT = iphoneos;
				TARGETED_DEVICE_FAMILY = "1,2";
			};
			name = Debug;
		};
		809878481DDAE64C00A32BE2 /* Release */ = {
			isa = XCBuildConfiguration;
			buildSettings = {
				ALWAYS_SEARCH_USER_PATHS = NO;
				CLANG_ANALYZER_NONNULL = YES;
				CLANG_CXX_LANGUAGE_STANDARD = "gnu++0x";
				CLANG_CXX_LIBRARY = "libc++";
				CLANG_ENABLE_MODULES = YES;
				CLANG_ENABLE_OBJC_ARC = YES;
				CLANG_WARN_BOOL_CONVERSION = YES;
				CLANG_WARN_CONSTANT_CONVERSION = YES;
				CLANG_WARN_DIRECT_OBJC_ISA_USAGE = YES_ERROR;
				CLANG_WARN_DOCUMENTATION_COMMENTS = YES;
				CLANG_WARN_EMPTY_BODY = YES;
				CLANG_WARN_ENUM_CONVERSION = YES;
				CLANG_WARN_INFINITE_RECURSION = YES;
				CLANG_WARN_INT_CONVERSION = YES;
				CLANG_WARN_OBJC_ROOT_CLASS = YES_ERROR;
				CLANG_WARN_SUSPICIOUS_MOVES = YES;
				CLANG_WARN_UNREACHABLE_CODE = YES;
				CLANG_WARN__DUPLICATE_METHOD_MATCH = YES;
				"CODE_SIGN_IDENTITY[sdk=iphoneos*]" = "iPhone Developer";
				COPY_PHASE_STRIP = NO;
				DEBUG_INFORMATION_FORMAT = "dwarf-with-dsym";
				ENABLE_NS_ASSERTIONS = NO;
				ENABLE_STRICT_OBJC_MSGSEND = YES;
				GCC_C_LANGUAGE_STANDARD = gnu99;
				GCC_NO_COMMON_BLOCKS = YES;
				GCC_WARN_64_TO_32_BIT_CONVERSION = YES;
				GCC_WARN_ABOUT_RETURN_TYPE = YES_ERROR;
				GCC_WARN_UNDECLARED_SELECTOR = YES;
				GCC_WARN_UNINITIALIZED_AUTOS = YES_AGGRESSIVE;
				GCC_WARN_UNUSED_FUNCTION = YES;
				GCC_WARN_UNUSED_VARIABLE = YES;
				IPHONEOS_DEPLOYMENT_TARGET = 10.0;
				MTL_ENABLE_DEBUG_INFO = NO;
				SDKROOT = iphoneos;
				TARGETED_DEVICE_FAMILY = "1,2";
				VALIDATE_PRODUCT = YES;
			};
			name = Release;
		};
		8098784A1DDAE64C00A32BE2 /* Debug */ = {
			isa = XCBuildConfiguration;
			buildSettings = {
				ASSETCATALOG_COMPILER_APPICON_NAME = AppIcon;
				CODE_SIGN_ENTITLEMENTS = PDMapSDK/PDMapSDK.entitlements;
				DEVELOPMENT_TEAM = PZD8DW62YF;
				FRAMEWORK_SEARCH_PATHS = (
					"$(inherited)",
					"$(PROJECT_DIR)/PDMapSDK/Framework",
				);
				INFOPLIST_FILE = PDMapSDK/Info.plist;
				LD_RUNPATH_SEARCH_PATHS = "$(inherited) @executable_path/Frameworks";
				OTHER_LDFLAGS = "-ObjC";
				PRODUCT_BUNDLE_IDENTIFIER = "healthybok.com.PuDong-iOSBP";
				PRODUCT_NAME = "$(TARGET_NAME)";
			};
			name = Debug;
		};
		8098784B1DDAE64C00A32BE2 /* Release */ = {
			isa = XCBuildConfiguration;
			buildSettings = {
				ASSETCATALOG_COMPILER_APPICON_NAME = AppIcon;
				CODE_SIGN_ENTITLEMENTS = PDMapSDK/PDMapSDK.entitlements;
				DEVELOPMENT_TEAM = PZD8DW62YF;
				FRAMEWORK_SEARCH_PATHS = (
					"$(inherited)",
					"$(PROJECT_DIR)/PDMapSDK/Framework",
				);
				INFOPLIST_FILE = PDMapSDK/Info.plist;
				LD_RUNPATH_SEARCH_PATHS = "$(inherited) @executable_path/Frameworks";
				OTHER_LDFLAGS = "-ObjC";
				PRODUCT_BUNDLE_IDENTIFIER = "healthybok.com.PuDong-iOSBP";
				PRODUCT_NAME = "$(TARGET_NAME)";
			};
			name = Release;
		};
		8098784D1DDAE64C00A32BE2 /* Debug */ = {
			isa = XCBuildConfiguration;
			buildSettings = {
				BUNDLE_LOADER = "$(TEST_HOST)";
				DEVELOPMENT_TEAM = MVDV39EGU3;
				INFOPLIST_FILE = PDMapSDKTests/Info.plist;
				LD_RUNPATH_SEARCH_PATHS = "$(inherited) @executable_path/Frameworks @loader_path/Frameworks";
				PRODUCT_BUNDLE_IDENTIFIER = com.yvtang.PDMapSDKTests;
				PRODUCT_NAME = "$(TARGET_NAME)";
				TEST_HOST = "$(BUILT_PRODUCTS_DIR)/PDMapSDK.app/PDMapSDK";
			};
			name = Debug;
		};
		8098784E1DDAE64C00A32BE2 /* Release */ = {
			isa = XCBuildConfiguration;
			buildSettings = {
				BUNDLE_LOADER = "$(TEST_HOST)";
				DEVELOPMENT_TEAM = MVDV39EGU3;
				INFOPLIST_FILE = PDMapSDKTests/Info.plist;
				LD_RUNPATH_SEARCH_PATHS = "$(inherited) @executable_path/Frameworks @loader_path/Frameworks";
				PRODUCT_BUNDLE_IDENTIFIER = com.yvtang.PDMapSDKTests;
				PRODUCT_NAME = "$(TARGET_NAME)";
				TEST_HOST = "$(BUILT_PRODUCTS_DIR)/PDMapSDK.app/PDMapSDK";
			};
			name = Release;
		};
		809878501DDAE64C00A32BE2 /* Debug */ = {
			isa = XCBuildConfiguration;
			buildSettings = {
				DEVELOPMENT_TEAM = MVDV39EGU3;
				INFOPLIST_FILE = PDMapSDKUITests/Info.plist;
				LD_RUNPATH_SEARCH_PATHS = "$(inherited) @executable_path/Frameworks @loader_path/Frameworks";
				PRODUCT_BUNDLE_IDENTIFIER = com.yvtang.PDMapSDKUITests;
				PRODUCT_NAME = "$(TARGET_NAME)";
				TEST_TARGET_NAME = PDMapSDK;
			};
			name = Debug;
		};
		809878511DDAE64C00A32BE2 /* Release */ = {
			isa = XCBuildConfiguration;
			buildSettings = {
				DEVELOPMENT_TEAM = MVDV39EGU3;
				INFOPLIST_FILE = PDMapSDKUITests/Info.plist;
				LD_RUNPATH_SEARCH_PATHS = "$(inherited) @executable_path/Frameworks @loader_path/Frameworks";
				PRODUCT_BUNDLE_IDENTIFIER = com.yvtang.PDMapSDKUITests;
				PRODUCT_NAME = "$(TARGET_NAME)";
				TEST_TARGET_NAME = PDMapSDK;
			};
			name = Release;
		};
/* End XCBuildConfiguration section */

/* Begin XCConfigurationList section */
		809878171DDAE64C00A32BE2 /* Build configuration list for PBXProject "PDMapSDK" */ = {
			isa = XCConfigurationList;
			buildConfigurations = (
				809878471DDAE64C00A32BE2 /* Debug */,
				809878481DDAE64C00A32BE2 /* Release */,
			);
			defaultConfigurationIsVisible = 0;
			defaultConfigurationName = Release;
		};
		809878491DDAE64C00A32BE2 /* Build configuration list for PBXNativeTarget "PDMapSDK" */ = {
			isa = XCConfigurationList;
			buildConfigurations = (
				8098784A1DDAE64C00A32BE2 /* Debug */,
				8098784B1DDAE64C00A32BE2 /* Release */,
			);
			defaultConfigurationIsVisible = 0;
			defaultConfigurationName = Release;
		};
		8098784C1DDAE64C00A32BE2 /* Build configuration list for PBXNativeTarget "PDMapSDKTests" */ = {
			isa = XCConfigurationList;
			buildConfigurations = (
				8098784D1DDAE64C00A32BE2 /* Debug */,
				8098784E1DDAE64C00A32BE2 /* Release */,
			);
			defaultConfigurationIsVisible = 0;
			defaultConfigurationName = Release;
		};
		8098784F1DDAE64C00A32BE2 /* Build configuration list for PBXNativeTarget "PDMapSDKUITests" */ = {
			isa = XCConfigurationList;
			buildConfigurations = (
				809878501DDAE64C00A32BE2 /* Debug */,
				809878511DDAE64C00A32BE2 /* Release */,
			);
			defaultConfigurationIsVisible = 0;
			defaultConfigurationName = Release;
		};
/* End XCConfigurationList section */
	};
	rootObject = 809878141DDAE64C00A32BE2 /* Project object */;
}
